
Microsoft Visual Studio Solution File, Format Version 12.00
# Visual Studio Version 17
VisualStudioVersion = 17.6.33815.320
MinimumVisualStudioVersion = 10.0.40219.1
Project("{9A19103F-16F7-4668-BE54-9A1E7A4F7556}") = "krill-be", "krill-be\krill-be.csproj", "{B04C0798-1A4D-4232-91A7-FE9BF75107EC}"
EndProject
Project("{9A19103F-16F7-4668-BE54-9A1E7A4F7556}") = "krill-test", "krill-test\krill-test.csproj", "{1696E52A-EBDE-460A-B875-C408CE67CFBF}"
EndProject
Global
	GlobalSection(SolutionConfigurationPlatforms) = preSolution
		Debug|Any CPU = Debug|Any CPU
		Release|Any CPU = Release|Any CPU
	EndGlobalSection
	GlobalSection(ProjectConfigurationPlatforms) = postSolution
		{B04C0798-1A4D-4232-91A7-FE9BF75107EC}.Debug|Any CPU.ActiveCfg = Debug|Any CPU
		{B04C0798-1A4D-4232-91A7-FE9BF75107EC}.Debug|Any CPU.Build.0 = Debug|Any CPU
		{B04C0798-1A4D-4232-91A7-FE9BF75107EC}.Release|Any CPU.ActiveCfg = Release|Any CPU
		{B04C0798-1A4D-4232-91A7-FE9BF75107EC}.Release|Any CPU.Build.0 = Release|Any CPU
		{1696E52A-EBDE-460A-B875-C408CE67CFBF}.Debug|Any CPU.ActiveCfg = Debug|Any CPU
		{1696E52A-EBDE-460A-B875-C408CE67CFBF}.Debug|Any CPU.Build.0 = Debug|Any CPU
		{1696E52A-EBDE-460A-B875-C408CE67CFBF}.Release|Any CPU.ActiveCfg = Release|Any CPU
		{1696E52A-EBDE-460A-B875-C408CE67CFBF}.Release|Any CPU.Build.0 = Release|Any CPU
	EndGlobalSection
	GlobalSection(SolutionProperties) = preSolution
		HideSolutionNode = FALSE
	EndGlobalSection
	GlobalSection(ExtensibilityGlobals) = postSolution
		SolutionGuid = {5808AD4D-02F8-4B4E-A59A-3AFE3DC5ACD8}
	EndGlobalSection
EndGlobal
